// !$*UTF8*$!
{
	archiveVersion = 1;
	classes = {
	};
	objectVersion = 50;
	objects = {

/* Begin PBXBuildFile section */
		802F267B2373CABF00963468 /* RXCNavigationBarTransition.h in Headers */ = {isa = PBXBuildFile; fileRef = 802F26792373CABF00963468 /* RXCNavigationBarTransition.h */; settings = {ATTRIBUTES = (Public, ); }; };
		802F26A32373CB2D00963468 /* RXCNavigationBarTransition.swift in Sources */ = {isa = PBXBuildFile; fileRef = 802F26A22373CB2D00963468 /* RXCNavigationBarTransition.swift */; };
		802F26A52373E3CD00963468 /* RNBHelper.swift in Sources */ = {isa = PBXBuildFile; fileRef = 802F26A42373E3CD00963468 /* RNBHelper.swift */; };
		802F26A72373E76C00963468 /* RNBNavigationBarStyle.swift in Sources */ = {isa = PBXBuildFile; fileRef = 802F26A62373E76C00963468 /* RNBNavigationBarStyle.swift */; };
		802F26A92373EF7700963468 /* UINavigationBar+Transition.swift in Sources */ = {isa = PBXBuildFile; fileRef = 802F26A82373EF7700963468 /* UINavigationBar+Transition.swift */; };
		802F26AB2373EF9A00963468 /* UINavigationBar+Views.swift in Sources */ = {isa = PBXBuildFile; fileRef = 802F26AA2373EF9A00963468 /* UINavigationBar+Views.swift */; };
		802F26BB237409BF00963468 /* UIViewController+Transition.swift in Sources */ = {isa = PBXBuildFile; fileRef = 802F26BA237409BF00963468 /* UIViewController+Transition.swift */; };
		802F26BD23740A6100963468 /* UINavigationController+Transition.swift in Sources */ = {isa = PBXBuildFile; fileRef = 802F26BC23740A6100963468 /* UINavigationController+Transition.swift */; };
		802F26BF23740E8200963468 /* RNBSetting.swift in Sources */ = {isa = PBXBuildFile; fileRef = 802F26BE23740E8200963468 /* RNBSetting.swift */; };
		8058AD802374FB7100445753 /* UINavigationController+Transition_1_PUSH_POP.swift in Sources */ = {isa = PBXBuildFile; fileRef = 8058AD7F2374FB7100445753 /* UINavigationController+Transition_1_PUSH_POP.swift */; };
		8058AD822374FBA300445753 /* UINavigationController+Transition_2_SWIPE.swift in Sources */ = {isa = PBXBuildFile; fileRef = 8058AD812374FBA300445753 /* UINavigationController+Transition_2_SWIPE.swift */; };
		8058AD862375125C00445753 /* UINavigationController+Transition_3_BACK_BUTTON.swift in Sources */ = {isa = PBXBuildFile; fileRef = 8058AD852375125C00445753 /* UINavigationController+Transition_3_BACK_BUTTON.swift */; };
		8089AE042384D57D0084FEAF /* UINavigationController+RNBExtension.swift in Sources */ = {isa = PBXBuildFile; fileRef = 8089AE032384D57D0084FEAF /* UINavigationController+RNBExtension.swift */; };
		8089AE06238516D00084FEAF /* UIColor+RNBExtension.swift in Sources */ = {isa = PBXBuildFile; fileRef = 8089AE05238516D00084FEAF /* UIColor+RNBExtension.swift */; };
/* End PBXBuildFile section */

/* Begin PBXFileReference section */
		802F26762373CABF00963468 /* RXCNavigationBarTransition.framework */ = {isa = PBXFileReference; explicitFileType = wrapper.framework; includeInIndex = 0; path = RXCNavigationBarTransition.framework; sourceTree = BUILT_PRODUCTS_DIR; };
		802F26792373CABF00963468 /* RXCNavigationBarTransition.h */ = {isa = PBXFileReference; lastKnownFileType = sourcecode.c.h; path = RXCNavigationBarTransition.h; sourceTree = "<group>"; };
		802F267A2373CABF00963468 /* Info.plist */ = {isa = PBXFileReference; lastKnownFileType = text.plist.xml; path = Info.plist; sourceTree = "<group>"; };
		802F26A22373CB2D00963468 /* RXCNavigationBarTransition.swift */ = {isa = PBXFileReference; lastKnownFileType = sourcecode.swift; path = RXCNavigationBarTransition.swift; sourceTree = "<group>"; };
		802F26A42373E3CD00963468 /* RNBHelper.swift */ = {isa = PBXFileReference; lastKnownFileType = sourcecode.swift; path = RNBHelper.swift; sourceTree = "<group>"; };
		802F26A62373E76C00963468 /* RNBNavigationBarStyle.swift */ = {isa = PBXFileReference; lastKnownFileType = sourcecode.swift; path = RNBNavigationBarStyle.swift; sourceTree = "<group>"; };
		802F26A82373EF7700963468 /* UINavigationBar+Transition.swift */ = {isa = PBXFileReference; lastKnownFileType = sourcecode.swift; path = "UINavigationBar+Transition.swift"; sourceTree = "<group>"; };
		802F26AA2373EF9A00963468 /* UINavigationBar+Views.swift */ = {isa = PBXFileReference; lastKnownFileType = sourcecode.swift; path = "UINavigationBar+Views.swift"; sourceTree = "<group>"; };
		802F26BA237409BF00963468 /* UIViewController+Transition.swift */ = {isa = PBXFileReference; lastKnownFileType = sourcecode.swift; path = "UIViewController+Transition.swift"; sourceTree = "<group>"; };
		802F26BC23740A6100963468 /* UINavigationController+Transition.swift */ = {isa = PBXFileReference; lastKnownFileType = sourcecode.swift; path = "UINavigationController+Transition.swift"; sourceTree = "<group>"; };
		802F26BE23740E8200963468 /* RNBSetting.swift */ = {isa = PBXFileReference; lastKnownFileType = sourcecode.swift; path = RNBSetting.swift; sourceTree = "<group>"; };
		8058AD7F2374FB7100445753 /* UINavigationController+Transition_1_PUSH_POP.swift */ = {isa = PBXFileReference; lastKnownFileType = sourcecode.swift; path = "UINavigationController+Transition_1_PUSH_POP.swift"; sourceTree = "<group>"; };
		8058AD812374FBA300445753 /* UINavigationController+Transition_2_SWIPE.swift */ = {isa = PBXFileReference; lastKnownFileType = sourcecode.swift; path = "UINavigationController+Transition_2_SWIPE.swift"; sourceTree = "<group>"; };
		8058AD852375125C00445753 /* UINavigationController+Transition_3_BACK_BUTTON.swift */ = {isa = PBXFileReference; lastKnownFileType = sourcecode.swift; path = "UINavigationController+Transition_3_BACK_BUTTON.swift"; sourceTree = "<group>"; };
		8089AE032384D57D0084FEAF /* UINavigationController+RNBExtension.swift */ = {isa = PBXFileReference; lastKnownFileType = sourcecode.swift; path = "UINavigationController+RNBExtension.swift"; sourceTree = "<group>"; };
		8089AE05238516D00084FEAF /* UIColor+RNBExtension.swift */ = {isa = PBXFileReference; lastKnownFileType = sourcecode.swift; path = "UIColor+RNBExtension.swift"; sourceTree = "<group>"; };
/* End PBXFileReference section */

/* Begin PBXFrameworksBuildPhase section */
		802F26732373CABF00963468 /* Frameworks */ = {
			isa = PBXFrameworksBuildPhase;
			buildActionMask = 2147483647;
			files = (
			);
			runOnlyForDeploymentPostprocessing = 0;
		};
/* End PBXFrameworksBuildPhase section */

/* Begin PBXGroup section */
		802F266C2373CABF00963468 = {
			isa = PBXGroup;
			children = (
				802F26A12373CAFE00963468 /* Source */,
				802F26782373CABF00963468 /* RXCNavigationBarTransition */,
				802F26772373CABF00963468 /* Products */,
			);
			sourceTree = "<group>";
		};
		802F26772373CABF00963468 /* Products */ = {
			isa = PBXGroup;
			children = (
				802F26762373CABF00963468 /* RXCNavigationBarTransition.framework */,
			);
			name = Products;
			sourceTree = "<group>";
		};
		802F26782373CABF00963468 /* RXCNavigationBarTransition */ = {
			isa = PBXGroup;
			children = (
				802F26792373CABF00963468 /* RXCNavigationBarTransition.h */,
				802F267A2373CABF00963468 /* Info.plist */,
			);
			path = RXCNavigationBarTransition;
			sourceTree = "<group>";
		};
		802F26A12373CAFE00963468 /* Source */ = {
			isa = PBXGroup;
			children = (
				8089AE05238516D00084FEAF /* UIColor+RNBExtension.swift */,
				802F26BE23740E8200963468 /* RNBSetting.swift */,
				802F26A42373E3CD00963468 /* RNBHelper.swift */,
				802F26A62373E76C00963468 /* RNBNavigationBarStyle.swift */,
				802F26A22373CB2D00963468 /* RXCNavigationBarTransition.swift */,
				802F26AA2373EF9A00963468 /* UINavigationBar+Views.swift */,
				802F26A82373EF7700963468 /* UINavigationBar+Transition.swift */,
				802F26BA237409BF00963468 /* UIViewController+Transition.swift */,
				8089AE032384D57D0084FEAF /* UINavigationController+RNBExtension.swift */,
				802F26BC23740A6100963468 /* UINavigationController+Transition.swift */,
				8058AD7F2374FB7100445753 /* UINavigationController+Transition_1_PUSH_POP.swift */,
				8058AD812374FBA300445753 /* UINavigationController+Transition_2_SWIPE.swift */,
				8058AD852375125C00445753 /* UINavigationController+Transition_3_BACK_BUTTON.swift */,
			);
			path = Source;
			sourceTree = "<group>";
		};
/* End PBXGroup section */

/* Begin PBXHeadersBuildPhase section */
		802F26712373CABF00963468 /* Headers */ = {
			isa = PBXHeadersBuildPhase;
			buildActionMask = 2147483647;
			files = (
				802F267B2373CABF00963468 /* RXCNavigationBarTransition.h in Headers */,
			);
			runOnlyForDeploymentPostprocessing = 0;
		};
/* End PBXHeadersBuildPhase section */

/* Begin PBXNativeTarget section */
		802F26752373CABF00963468 /* RXCNavigationBarTransition */ = {
			isa = PBXNativeTarget;
			buildConfigurationList = 802F267E2373CABF00963468 /* Build configuration list for PBXNativeTarget "RXCNavigationBarTransition" */;
			buildPhases = (
				802F26712373CABF00963468 /* Headers */,
				802F26722373CABF00963468 /* Sources */,
				802F26732373CABF00963468 /* Frameworks */,
				802F26742373CABF00963468 /* Resources */,
			);
			buildRules = (
			);
			dependencies = (
			);
			name = RXCNavigationBarTransition;
			productName = RXCNavigationBarTransition;
			productReference = 802F26762373CABF00963468 /* RXCNavigationBarTransition.framework */;
			productType = "com.apple.product-type.framework";
		};
/* End PBXNativeTarget section */

/* Begin PBXProject section */
		802F266D2373CABF00963468 /* Project object */ = {
			isa = PBXProject;
			attributes = {
				LastUpgradeCheck = 1120;
				ORGANIZATIONNAME = ruixingchen;
				TargetAttributes = {
					802F26752373CABF00963468 = {
						CreatedOnToolsVersion = 11.2;
						LastSwiftMigration = 1120;
					};
				};
			};
			buildConfigurationList = 802F26702373CABF00963468 /* Build configuration list for PBXProject "RXCNavigationBarTransition" */;
			compatibilityVersion = "Xcode 9.3";
			developmentRegion = en;
			hasScannedForEncodings = 0;
			knownRegions = (
				en,
				Base,
			);
			mainGroup = 802F266C2373CABF00963468;
			productRefGroup = 802F26772373CABF00963468 /* Products */;
			projectDirPath = "";
			projectRoot = "";
			targets = (
				802F26752373CABF00963468 /* RXCNavigationBarTransition */,
			);
		};
/* End PBXProject section */

/* Begin PBXResourcesBuildPhase section */
		802F26742373CABF00963468 /* Resources */ = {
			isa = PBXResourcesBuildPhase;
			buildActionMask = 2147483647;
			files = (
			);
			runOnlyForDeploymentPostprocessing = 0;
		};
/* End PBXResourcesBuildPhase section */

/* Begin PBXSourcesBuildPhase section */
		802F26722373CABF00963468 /* Sources */ = {
			isa = PBXSourcesBuildPhase;
			buildActionMask = 2147483647;
			files = (
				802F26A92373EF7700963468 /* UINavigationBar+Transition.swift in Sources */,
				802F26A52373E3CD00963468 /* RNBHelper.swift in Sources */,
				802F26A32373CB2D00963468 /* RXCNavigationBarTransition.swift in Sources */,
				802F26BF23740E8200963468 /* RNBSetting.swift in Sources */,
				8089AE06238516D00084FEAF /* UIColor+RNBExtension.swift in Sources */,
				802F26BB237409BF00963468 /* UIViewController+Transition.swift in Sources */,
				8058AD822374FBA300445753 /* UINavigationController+Transition_2_SWIPE.swift in Sources */,
				802F26A72373E76C00963468 /* RNBNavigationBarStyle.swift in Sources */,
				8058AD802374FB7100445753 /* UINavigationController+Transition_1_PUSH_POP.swift in Sources */,
				8089AE042384D57D0084FEAF /* UINavigationController+RNBExtension.swift in Sources */,
				802F26AB2373EF9A00963468 /* UINavigationBar+Views.swift in Sources */,
				802F26BD23740A6100963468 /* UINavigationController+Transition.swift in Sources */,
				8058AD862375125C00445753 /* UINavigationController+Transition_3_BACK_BUTTON.swift in Sources */,
			);
			runOnlyForDeploymentPostprocessing = 0;
		};
/* End PBXSourcesBuildPhase section */

/* Begin XCBuildConfiguration section */
		802F267C2373CABF00963468 /* Debug */ = {
			isa = XCBuildConfiguration;
			buildSettings = {
				ALWAYS_SEARCH_USER_PATHS = NO;
				CLANG_ANALYZER_NONNULL = YES;
				CLANG_ANALYZER_NUMBER_OBJECT_CONVERSION = YES_AGGRESSIVE;
				CLANG_CXX_LANGUAGE_STANDARD = "gnu++14";
				CLANG_CXX_LIBRARY = "libc++";
				CLANG_ENABLE_MODULES = YES;
				CLANG_ENABLE_OBJC_ARC = YES;
				CLANG_ENABLE_OBJC_WEAK = YES;
				CLANG_WARN_BLOCK_CAPTURE_AUTORELEASING = YES;
				CLANG_WARN_BOOL_CONVERSION = YES;
				CLANG_WARN_COMMA = YES;
				CLANG_WARN_CONSTANT_CONVERSION = YES;
				CLANG_WARN_DEPRECATED_OBJC_IMPLEMENTATIONS = YES;
				CLANG_WARN_DIRECT_OBJC_ISA_USAGE = YES_ERROR;
				CLANG_WARN_DOCUMENTATION_COMMENTS = YES;
				CLANG_WARN_EMPTY_BODY = YES;
				CLANG_WARN_ENUM_CONVERSION = YES;
				CLANG_WARN_INFINITE_RECURSION = YES;
				CLANG_WARN_INT_CONVERSION = YES;
				CLANG_WARN_NON_LITERAL_NULL_CONVERSION = YES;
				CLANG_WARN_OBJC_IMPLICIT_RETAIN_SELF = YES;
				CLANG_WARN_OBJC_LITERAL_CONVERSION = YES;
				CLANG_WARN_OBJC_ROOT_CLASS = YES_ERROR;
				CLANG_WARN_RANGE_LOOP_ANALYSIS = YES;
				CLANG_WARN_STRICT_PROTOTYPES = YES;
				CLANG_WARN_SUSPICIOUS_MOVE = YES;
				CLANG_WARN_UNGUARDED_AVAILABILITY = YES_AGGRESSIVE;
				CLANG_WARN_UNREACHABLE_CODE = YES;
				CLANG_WARN__DUPLICATE_METHOD_MATCH = YES;
				COPY_PHASE_STRIP = NO;
				CURRENT_PROJECT_VERSION = 1;
				DEBUG_INFORMATION_FORMAT = dwarf;
				ENABLE_STRICT_OBJC_MSGSEND = YES;
				ENABLE_TESTABILITY = YES;
				GCC_C_LANGUAGE_STANDARD = gnu11;
				GCC_DYNAMIC_NO_PIC = NO;
				GCC_NO_COMMON_BLOCKS = YES;
				GCC_OPTIMIZATION_LEVEL = 0;
				GCC_PREPROCESSOR_DEFINITIONS = (
					"DEBUG=1",
					"$(inherited)",
				);
				GCC_WARN_64_TO_32_BIT_CONVERSION = YES;
				GCC_WARN_ABOUT_RETURN_TYPE = YES_ERROR;
				GCC_WARN_UNDECLARED_SELECTOR = YES;
				GCC_WARN_UNINITIALIZED_AUTOS = YES_AGGRESSIVE;
				GCC_WARN_UNUSED_FUNCTION = YES;
				GCC_WARN_UNUSED_VARIABLE = YES;
				IPHONEOS_DEPLOYMENT_TARGET = 13.2;
				MTL_ENABLE_DEBUG_INFO = INCLUDE_SOURCE;
				MTL_FAST_MATH = YES;
				ONLY_ACTIVE_ARCH = YES;
				SDKROOT = iphoneos;
				SWIFT_ACTIVE_COMPILATION_CONDITIONS = DEBUG;
				SWIFT_OPTIMIZATION_LEVEL = "-Onone";
				VERSIONING_SYSTEM = "apple-generic";
				VERSION_INFO_PREFIX = "";
			};
			name = Debug;
		};
		802F267D2373CABF00963468 /* Release */ = {
			isa = XCBuildConfiguration;
			buildSettings = {
				ALWAYS_SEARCH_USER_PATHS = NO;
				CLANG_ANALYZER_NONNULL = YES;
				CLANG_ANALYZER_NUMBER_OBJECT_CONVERSION = YES_AGGRESSIVE;
				CLANG_CXX_LANGUAGE_STANDARD = "gnu++14";
				CLANG_CXX_LIBRARY = "libc++";
				CLANG_ENABLE_MODULES = YES;
				CLANG_ENABLE_OBJC_ARC = YES;
				CLANG_ENABLE_OBJC_WEAK = YES;
				CLANG_WARN_BLOCK_CAPTURE_AUTORELEASING = YES;
				CLANG_WARN_BOOL_CONVERSION = YES;
				CLANG_WARN_COMMA = YES;
				CLANG_WARN_CONSTANT_CONVERSION = YES;
				CLANG_WARN_DEPRECATED_OBJC_IMPLEMENTATIONS = YES;
				CLANG_WARN_DIRECT_OBJC_ISA_USAGE = YES_ERROR;
				CLANG_WARN_DOCUMENTATION_COMMENTS = YES;
				CLANG_WARN_EMPTY_BODY = YES;
				CLANG_WARN_ENUM_CONVERSION = YES;
				CLANG_WARN_INFINITE_RECURSION = YES;
				CLANG_WARN_INT_CONVERSION = YES;
				CLANG_WARN_NON_LITERAL_NULL_CONVERSION = YES;
				CLANG_WARN_OBJC_IMPLICIT_RETAIN_SELF = YES;
				CLANG_WARN_OBJC_LITERAL_CONVERSION = YES;
				CLANG_WARN_OBJC_ROOT_CLASS = YES_ERROR;
				CLANG_WARN_RANGE_LOOP_ANALYSIS = YES;
				CLANG_WARN_STRICT_PROTOTYPES = YES;
				CLANG_WARN_SUSPICIOUS_MOVE = YES;
				CLANG_WARN_UNGUARDED_AVAILABILITY = YES_AGGRESSIVE;
				CLANG_WARN_UNREACHABLE_CODE = YES;
				CLANG_WARN__DUPLICATE_METHOD_MATCH = YES;
				COPY_PHASE_STRIP = NO;
				CURRENT_PROJECT_VERSION = 1;
				DEBUG_INFORMATION_FORMAT = "dwarf-with-dsym";
				ENABLE_NS_ASSERTIONS = NO;
				ENABLE_STRICT_OBJC_MSGSEND = YES;
				GCC_C_LANGUAGE_STANDARD = gnu11;
				GCC_NO_COMMON_BLOCKS = YES;
				GCC_WARN_64_TO_32_BIT_CONVERSION = YES;
				GCC_WARN_ABOUT_RETURN_TYPE = YES_ERROR;
				GCC_WARN_UNDECLARED_SELECTOR = YES;
				GCC_WARN_UNINITIALIZED_AUTOS = YES_AGGRESSIVE;
				GCC_WARN_UNUSED_FUNCTION = YES;
				GCC_WARN_UNUSED_VARIABLE = YES;
				IPHONEOS_DEPLOYMENT_TARGET = 13.2;
				MTL_ENABLE_DEBUG_INFO = NO;
				MTL_FAST_MATH = YES;
				SDKROOT = iphoneos;
				SWIFT_COMPILATION_MODE = wholemodule;
				SWIFT_OPTIMIZATION_LEVEL = "-O";
				VALIDATE_PRODUCT = YES;
				VERSIONING_SYSTEM = "apple-generic";
				VERSION_INFO_PREFIX = "";
			};
			name = Release;
		};
		802F267F2373CABF00963468 /* Debug */ = {
			isa = XCBuildConfiguration;
			buildSettings = {
				CLANG_ENABLE_MODULES = YES;
				CODE_SIGN_STYLE = Automatic;
				DEFINES_MODULE = YES;
				DEVELOPMENT_TEAM = 977G6XM9PF;
				DYLIB_COMPATIBILITY_VERSION = 1;
				DYLIB_CURRENT_VERSION = 1;
				DYLIB_INSTALL_NAME_BASE = "@rpath";
				INFOPLIST_FILE = RXCNavigationBarTransition/Info.plist;
				INSTALL_PATH = "$(LOCAL_LIBRARY_DIR)/Frameworks";
				IPHONEOS_DEPLOYMENT_TARGET = 11.0;
				LD_RUNPATH_SEARCH_PATHS = (
					"$(inherited)",
					"@executable_path/Frameworks",
					"@loader_path/Frameworks",
				);
				PRODUCT_BUNDLE_IDENTIFIER = com.ruixingchen.RXCNavigationBarTransition;
				PRODUCT_NAME = "$(TARGET_NAME:c99extidentifier)";
				SKIP_INSTALL = YES;
				SWIFT_OPTIMIZATION_LEVEL = "-Onone";
				SWIFT_VERSION = 5.0;
				TARGETED_DEVICE_FAMILY = "1,2";
			};
			name = Debug;
		};
		802F26802373CABF00963468 /* Release */ = {
			isa = XCBuildConfiguration;
			buildSettings = {
				CLANG_ENABLE_MODULES = YES;
				CODE_SIGN_STYLE = Automatic;
				DEFINES_MODULE = YES;
				DEVELOPMENT_TEAM = 977G6XM9PF;
				DYLIB_COMPATIBILITY_VERSION = 1;
				DYLIB_CURRENT_VERSION = 1;
				DYLIB_INSTALL_NAME_BASE = "@rpath";
				INFOPLIST_FILE = RXCNavigationBarTransition/Info.plist;
				INSTALL_PATH = "$(LOCAL_LIBRARY_DIR)/Frameworks";
				IPHONEOS_DEPLOYMENT_TARGET = 11.0;
				LD_RUNPATH_SEARCH_PATHS = (
					"$(inherited)",
					"@executable_path/Frameworks",
					"@loader_path/Frameworks",
				);
				PRODUCT_BUNDLE_IDENTIFIER = com.ruixingchen.RXCNavigationBarTransition;
				PRODUCT_NAME = "$(TARGET_NAME:c99extidentifier)";
				SKIP_INSTALL = YES;
				SWIFT_VERSION = 5.0;
				TARGETED_DEVICE_FAMILY = "1,2";
			};
			name = Release;
		};
/* End XCBuildConfiguration section */

/* Begin XCConfigurationList section */
		802F26702373CABF00963468 /* Build configuration list for PBXProject "RXCNavigationBarTransition" */ = {
			isa = XCConfigurationList;
			buildConfigurations = (
				802F267C2373CABF00963468 /* Debug */,
				802F267D2373CABF00963468 /* Release */,
			);
			defaultConfigurationIsVisible = 0;
			defaultConfigurationName = Release;
		};
		802F267E2373CABF00963468 /* Build configuration list for PBXNativeTarget "RXCNavigationBarTransition" */ = {
			isa = XCConfigurationList;
			buildConfigurations = (
				802F267F2373CABF00963468 /* Debug */,
				802F26802373CABF00963468 /* Release */,
			);
			defaultConfigurationIsVisible = 0;
			defaultConfigurationName = Release;
		};
/* End XCConfigurationList section */
	};
	rootObject = 802F266D2373CABF00963468 /* Project object */;
}
